
Microsoft Visual Studio Solution File, Format Version 12.00
# Visual Studio 2013
VisualStudioVersion = 12.0.30501.0
MinimumVisualStudioVersion = 10.0.40219.1
Project("{FAE04EC0-301F-11D3-BF4B-00C04F79EFBC}") = "SqlRestore", "SqlRestore\SqlRestore.csproj", "{28A5A7CA-ADF3-410F-8018-9F35E46DAB87}"
EndProject
Project("{FAE04EC0-301F-11D3-BF4B-00C04F79EFBC}") = "SqlRestore.Test", "SqlRestore.Test\SqlRestore.Test.csproj", "{24822DE0-3C98-466F-BBED-A7E22722F59B}"
EndProject
Project("{2150E333-8FDC-42A3-9474-1A3956D46DE8}") = "Documentation", "Documentation", "{93D66A13-8C34-4490-AE8F-904FC002D867}"
	ProjectSection(SolutionItems) = preProject
		..\readme.md = ..\readme.md
	EndProjectSection
EndProject
Global
	GlobalSection(SolutionConfigurationPlatforms) = preSolution
		Debug|Any CPU = Debug|Any CPU
		Release|Any CPU = Release|Any CPU
	EndGlobalSection
	GlobalSection(ProjectConfigurationPlatforms) = postSolution
		{28A5A7CA-ADF3-410F-8018-9F35E46DAB87}.Debug|Any CPU.ActiveCfg = Debug|Any CPU
		{28A5A7CA-ADF3-410F-8018-9F35E46DAB87}.Debug|Any CPU.Build.0 = Debug|Any CPU
		{28A5A7CA-ADF3-410F-8018-9F35E46DAB87}.Release|Any CPU.ActiveCfg = Release|Any CPU
		{28A5A7CA-ADF3-410F-8018-9F35E46DAB87}.Release|Any CPU.Build.0 = Release|Any CPU
		{24822DE0-3C98-466F-BBED-A7E22722F59B}.Debug|Any CPU.ActiveCfg = Debug|Any CPU
		{24822DE0-3C98-466F-BBED-A7E22722F59B}.Debug|Any CPU.Build.0 = Debug|Any CPU
		{24822DE0-3C98-466F-BBED-A7E22722F59B}.Release|Any CPU.ActiveCfg = Release|Any CPU
		{24822DE0-3C98-466F-BBED-A7E22722F59B}.Release|Any CPU.Build.0 = Release|Any CPU
	EndGlobalSection
	GlobalSection(SolutionProperties) = preSolution
		HideSolutionNode = FALSE
	EndGlobalSection
EndGlobal
